
Microsoft Visual Studio Solution File, Format Version 12.00
# Visual Studio Version 16
VisualStudioVersion = 16.0.29709.97
MinimumVisualStudioVersion = 10.0.40219.1
Project("{FAE04EC0-301F-11D3-BF4B-00C04F79EFBC}") = "Q1", "Q1\Q1.csproj", "{F2199932-EF6F-4F75-902E-E3FD87761BA1}"
EndProject
Global
	GlobalSection(SolutionConfigurationPlatforms) = preSolution
		Debug|Any CPU = Debug|Any CPU
		Release|Any CPU = Release|Any CPU
	EndGlobalSection
	GlobalSection(ProjectConfigurationPlatforms) = postSolution
		{F2199932-EF6F-4F75-902E-E3FD87761BA1}.Debug|Any CPU.ActiveCfg = Debug|Any CPU
		{F2199932-EF6F-4F75-902E-E3FD87761BA1}.Debug|Any CPU.Build.0 = Debug|Any CPU
		{F2199932-EF6F-4F75-902E-E3FD87761BA1}.Release|Any CPU.ActiveCfg = Release|Any CPU
		{F2199932-EF6F-4F75-902E-E3FD87761BA1}.Release|Any CPU.Build.0 = Release|Any CPU
	EndGlobalSection
	GlobalSection(SolutionProperties) = preSolution
		HideSolutionNode = FALSE
	EndGlobalSection
	GlobalSection(ExtensibilityGlobals) = postSolution
		SolutionGuid = {49EAEA5A-D8A4-4F13-9F6E-2505E9572032}
	EndGlobalSection
EndGlobal
